
Microsoft Visual Studio Solution File, Format Version 12.00
# Visual Studio 15
VisualStudioVersion = 15.0.27703.2035
MinimumVisualStudioVersion = 10.0.40219.1
Project("{FAE04EC0-301F-11D3-BF4B-00C04F79EFBC}") = "EFCodeFirst", "EFCodeFirst\EFCodeFirst.csproj", "{547469BA-F840-4F37-9E4A-936768FE4FAB}"
EndProject
Global
	GlobalSection(SolutionConfigurationPlatforms) = preSolution
		Debug|Any CPU = Debug|Any CPU
		Release|Any CPU = Release|Any CPU
	EndGlobalSection
	GlobalSection(ProjectConfigurationPlatforms) = postSolution
		{547469BA-F840-4F37-9E4A-936768FE4FAB}.Debug|Any CPU.ActiveCfg = Debug|Any CPU
		{547469BA-F840-4F37-9E4A-936768FE4FAB}.Debug|Any CPU.Build.0 = Debug|Any CPU
		{547469BA-F840-4F37-9E4A-936768FE4FAB}.Release|Any CPU.ActiveCfg = Release|Any CPU
		{547469BA-F840-4F37-9E4A-936768FE4FAB}.Release|Any CPU.Build.0 = Release|Any CPU
	EndGlobalSection
	GlobalSection(SolutionProperties) = preSolution
		HideSolutionNode = FALSE
	EndGlobalSection
	GlobalSection(ExtensibilityGlobals) = postSolution
		SolutionGuid = {C69EBBE3-B4E2-461E-BC3E-221DFD8FD63B}
	EndGlobalSection
EndGlobal
